// !$*UTF8*$!
{
	archiveVersion = 1;
	classes = {
	};
	objectVersion = 55;
	objects = {

/* Begin PBXBuildFile section */
		19CE4ED228CBBA8700E85E1D /* AppDelegate.swift in Sources */ = {isa = PBXBuildFile; fileRef = 19CE4ED128CBBA8700E85E1D /* AppDelegate.swift */; };
		19CE4ED428CBBA8700E85E1D /* SceneDelegate.swift in Sources */ = {isa = PBXBuildFile; fileRef = 19CE4ED328CBBA8700E85E1D /* SceneDelegate.swift */; };
		19CE4ED628CBBA8700E85E1D /* FirstPageViewController.swift in Sources */ = {isa = PBXBuildFile; fileRef = 19CE4ED528CBBA8700E85E1D /* FirstPageViewController.swift */; };
		19CE4ED928CBBA8700E85E1D /* Main.storyboard in Resources */ = {isa = PBXBuildFile; fileRef = 19CE4ED728CBBA8700E85E1D /* Main.storyboard */; };
		19CE4EDB28CBBA8C00E85E1D /* Assets.xcassets in Resources */ = {isa = PBXBuildFile; fileRef = 19CE4EDA28CBBA8C00E85E1D /* Assets.xcassets */; };
		19CE4EDE28CBBA8C00E85E1D /* LaunchScreen.storyboard in Resources */ = {isa = PBXBuildFile; fileRef = 19CE4EDC28CBBA8C00E85E1D /* LaunchScreen.storyboard */; };
		19CE4EE728CC691600E85E1D /* Raleway-Regular.ttf in Resources */ = {isa = PBXBuildFile; fileRef = 19CE4EE628CC691600E85E1D /* Raleway-Regular.ttf */; };
		19CE4EE928CC692C00E85E1D /* Raleway-SemiBold.ttf in Resources */ = {isa = PBXBuildFile; fileRef = 19CE4EE828CC692C00E85E1D /* Raleway-SemiBold.ttf */; };
		19CE4EEB28CC693C00E85E1D /* Raleway-Medium.ttf in Resources */ = {isa = PBXBuildFile; fileRef = 19CE4EEA28CC693C00E85E1D /* Raleway-Medium.ttf */; };
		19CE4EED28CC77F700E85E1D /* SecondPageViewController.swift in Sources */ = {isa = PBXBuildFile; fileRef = 19CE4EEC28CC77F700E85E1D /* SecondPageViewController.swift */; };
/* End PBXBuildFile section */

/* Begin PBXFileReference section */
		19CE4ECE28CBBA8700E85E1D /* PassingDataExample.app */ = {isa = PBXFileReference; explicitFileType = wrapper.application; includeInIndex = 0; path = PassingDataExample.app; sourceTree = BUILT_PRODUCTS_DIR; };
		19CE4ED128CBBA8700E85E1D /* AppDelegate.swift */ = {isa = PBXFileReference; lastKnownFileType = sourcecode.swift; path = AppDelegate.swift; sourceTree = "<group>"; };
		19CE4ED328CBBA8700E85E1D /* SceneDelegate.swift */ = {isa = PBXFileReference; lastKnownFileType = sourcecode.swift; path = SceneDelegate.swift; sourceTree = "<group>"; };
		19CE4ED528CBBA8700E85E1D /* FirstPageViewController.swift */ = {isa = PBXFileReference; lastKnownFileType = sourcecode.swift; path = FirstPageViewController.swift; sourceTree = "<group>"; };
		19CE4ED828CBBA8700E85E1D /* Base */ = {isa = PBXFileReference; lastKnownFileType = file.storyboard; name = Base; path = Base.lproj/Main.storyboard; sourceTree = "<group>"; };
		19CE4EDA28CBBA8C00E85E1D /* Assets.xcassets */ = {isa = PBXFileReference; lastKnownFileType = folder.assetcatalog; path = Assets.xcassets; sourceTree = "<group>"; };
		19CE4EDD28CBBA8C00E85E1D /* Base */ = {isa = PBXFileReference; lastKnownFileType = file.storyboard; name = Base; path = Base.lproj/LaunchScreen.storyboard; sourceTree = "<group>"; };
		19CE4EDF28CBBA8C00E85E1D /* Info.plist */ = {isa = PBXFileReference; lastKnownFileType = text.plist.xml; path = Info.plist; sourceTree = "<group>"; };
		19CE4EE628CC691600E85E1D /* Raleway-Regular.ttf */ = {isa = PBXFileReference; lastKnownFileType = file; path = "Raleway-Regular.ttf"; sourceTree = "<group>"; };
		19CE4EE828CC692C00E85E1D /* Raleway-SemiBold.ttf */ = {isa = PBXFileReference; lastKnownFileType = file; path = "Raleway-SemiBold.ttf"; sourceTree = "<group>"; };
		19CE4EEA28CC693C00E85E1D /* Raleway-Medium.ttf */ = {isa = PBXFileReference; lastKnownFileType = file; path = "Raleway-Medium.ttf"; sourceTree = "<group>"; };
		19CE4EEC28CC77F700E85E1D /* SecondPageViewController.swift */ = {isa = PBXFileReference; lastKnownFileType = sourcecode.swift; path = SecondPageViewController.swift; sourceTree = "<group>"; };
/* End PBXFileReference section */

/* Begin PBXFrameworksBuildPhase section */
		19CE4ECB28CBBA8700E85E1D /* Frameworks */ = {
			isa = PBXFrameworksBuildPhase;
			buildActionMask = 2147483647;
			files = (
			);
			runOnlyForDeploymentPostprocessing = 0;
		};
/* End PBXFrameworksBuildPhase section */

/* Begin PBXGroup section */
		19CE4EC528CBBA8700E85E1D = {
			isa = PBXGroup;
			children = (
				19CE4ED028CBBA8700E85E1D /* PassingDataExample */,
				19CE4ECF28CBBA8700E85E1D /* Products */,
			);
			sourceTree = "<group>";
		};
		19CE4ECF28CBBA8700E85E1D /* Products */ = {
			isa = PBXGroup;
			children = (
				19CE4ECE28CBBA8700E85E1D /* PassingDataExample.app */,
			);
			name = Products;
			sourceTree = "<group>";
		};
		19CE4ED028CBBA8700E85E1D /* PassingDataExample */ = {
			isa = PBXGroup;
			children = (
				19CE4EE528CC68F500E85E1D /* Fonts */,
				19CE4ED128CBBA8700E85E1D /* AppDelegate.swift */,
				19CE4ED328CBBA8700E85E1D /* SceneDelegate.swift */,
				19CE4ED528CBBA8700E85E1D /* FirstPageViewController.swift */,
				19CE4EEC28CC77F700E85E1D /* SecondPageViewController.swift */,
				19CE4ED728CBBA8700E85E1D /* Main.storyboard */,
				19CE4EDA28CBBA8C00E85E1D /* Assets.xcassets */,
				19CE4EDC28CBBA8C00E85E1D /* LaunchScreen.storyboard */,
				19CE4EDF28CBBA8C00E85E1D /* Info.plist */,
			);
			path = PassingDataExample;
			sourceTree = "<group>";
		};
		19CE4EE528CC68F500E85E1D /* Fonts */ = {
			isa = PBXGroup;
			children = (
				19CE4EE628CC691600E85E1D /* Raleway-Regular.ttf */,
				19CE4EEA28CC693C00E85E1D /* Raleway-Medium.ttf */,
				19CE4EE828CC692C00E85E1D /* Raleway-SemiBold.ttf */,
			);
			path = Fonts;
			sourceTree = "<group>";
		};
/* End PBXGroup section */

/* Begin PBXNativeTarget section */
		19CE4ECD28CBBA8700E85E1D /* PassingDataExample */ = {
			isa = PBXNativeTarget;
			buildConfigurationList = 19CE4EE228CBBA8C00E85E1D /* Build configuration list for PBXNativeTarget "PassingDataExample" */;
			buildPhases = (
				19CE4ECA28CBBA8700E85E1D /* Sources */,
				19CE4ECB28CBBA8700E85E1D /* Frameworks */,
				19CE4ECC28CBBA8700E85E1D /* Resources */,
			);
			buildRules = (
			);
			dependencies = (
			);
			name = PassingDataExample;
			productName = PassingDataExample;
			productReference = 19CE4ECE28CBBA8700E85E1D /* PassingDataExample.app */;
			productType = "com.apple.product-type.application";
		};
/* End PBXNativeTarget section */

/* Begin PBXProject section */
		19CE4EC628CBBA8700E85E1D /* Project object */ = {
			isa = PBXProject;
			attributes = {
				BuildIndependentTargetsInParallel = 1;
				LastSwiftUpdateCheck = 1320;
				LastUpgradeCheck = 1320;
				TargetAttributes = {
					19CE4ECD28CBBA8700E85E1D = {
						CreatedOnToolsVersion = 13.2.1;
					};
				};
			};
			buildConfigurationList = 19CE4EC928CBBA8700E85E1D /* Build configuration list for PBXProject "PassingDataExample" */;
			compatibilityVersion = "Xcode 13.0";
			developmentRegion = en;
			hasScannedForEncodings = 0;
			knownRegions = (
				en,
				Base,
			);
			mainGroup = 19CE4EC528CBBA8700E85E1D;
			productRefGroup = 19CE4ECF28CBBA8700E85E1D /* Products */;
			projectDirPath = "";
			projectRoot = "";
			targets = (
				19CE4ECD28CBBA8700E85E1D /* PassingDataExample */,
			);
		};
/* End PBXProject section */

/* Begin PBXResourcesBuildPhase section */
		19CE4ECC28CBBA8700E85E1D /* Resources */ = {
			isa = PBXResourcesBuildPhase;
			buildActionMask = 2147483647;
			files = (
				19CE4EDE28CBBA8C00E85E1D /* LaunchScreen.storyboard in Resources */,
				19CE4EEB28CC693C00E85E1D /* Raleway-Medium.ttf in Resources */,
				19CE4EDB28CBBA8C00E85E1D /* Assets.xcassets in Resources */,
				19CE4ED928CBBA8700E85E1D /* Main.storyboard in Resources */,
				19CE4EE728CC691600E85E1D /* Raleway-Regular.ttf in Resources */,
				19CE4EE928CC692C00E85E1D /* Raleway-SemiBold.ttf in Resources */,
			);
			runOnlyForDeploymentPostprocessing = 0;
		};
/* End PBXResourcesBuildPhase section */

/* Begin PBXSourcesBuildPhase section */
		19CE4ECA28CBBA8700E85E1D /* Sources */ = {
			isa = PBXSourcesBuildPhase;
			buildActionMask = 2147483647;
			files = (
				19CE4ED628CBBA8700E85E1D /* FirstPageViewController.swift in Sources */,
				19CE4EED28CC77F700E85E1D /* SecondPageViewController.swift in Sources */,
				19CE4ED228CBBA8700E85E1D /* AppDelegate.swift in Sources */,
				19CE4ED428CBBA8700E85E1D /* SceneDelegate.swift in Sources */,
			);
			runOnlyForDeploymentPostprocessing = 0;
		};
/* End PBXSourcesBuildPhase section */

/* Begin PBXVariantGroup section */
		19CE4ED728CBBA8700E85E1D /* Main.storyboard */ = {
			isa = PBXVariantGroup;
			children = (
				19CE4ED828CBBA8700E85E1D /* Base */,
			);
			name = Main.storyboard;
			sourceTree = "<group>";
		};
		19CE4EDC28CBBA8C00E85E1D /* LaunchScreen.storyboard */ = {
			isa = PBXVariantGroup;
			children = (
				19CE4EDD28CBBA8C00E85E1D /* Base */,
			);
			name = LaunchScreen.storyboard;
			sourceTree = "<group>";
		};
/* End PBXVariantGroup section */

/* Begin XCBuildConfiguration section */
		19CE4EE028CBBA8C00E85E1D /* Debug */ = {
			isa = XCBuildConfiguration;
			buildSettings = {
				ALWAYS_SEARCH_USER_PATHS = NO;
				CLANG_ANALYZER_NONNULL = YES;
				CLANG_ANALYZER_NUMBER_OBJECT_CONVERSION = YES_AGGRESSIVE;
				CLANG_CXX_LANGUAGE_STANDARD = "gnu++17";
				CLANG_CXX_LIBRARY = "libc++";
				CLANG_ENABLE_MODULES = YES;
				CLANG_ENABLE_OBJC_ARC = YES;
				CLANG_ENABLE_OBJC_WEAK = YES;
				CLANG_WARN_BLOCK_CAPTURE_AUTORELEASING = YES;
				CLANG_WARN_BOOL_CONVERSION = YES;
				CLANG_WARN_COMMA = YES;
				CLANG_WARN_CONSTANT_CONVERSION = YES;
				CLANG_WARN_DEPRECATED_OBJC_IMPLEMENTATIONS = YES;
				CLANG_WARN_DIRECT_OBJC_ISA_USAGE = YES_ERROR;
				CLANG_WARN_DOCUMENTATION_COMMENTS = YES;
				CLANG_WARN_EMPTY_BODY = YES;
				CLANG_WARN_ENUM_CONVERSION = YES;
				CLANG_WARN_INFINITE_RECURSION = YES;
				CLANG_WARN_INT_CONVERSION = YES;
				CLANG_WARN_NON_LITERAL_NULL_CONVERSION = YES;
				CLANG_WARN_OBJC_IMPLICIT_RETAIN_SELF = YES;
				CLANG_WARN_OBJC_LITERAL_CONVERSION = YES;
				CLANG_WARN_OBJC_ROOT_CLASS = YES_ERROR;
				CLANG_WARN_QUOTED_INCLUDE_IN_FRAMEWORK_HEADER = YES;
				CLANG_WARN_RANGE_LOOP_ANALYSIS = YES;
				CLANG_WARN_STRICT_PROTOTYPES = YES;
				CLANG_WARN_SUSPICIOUS_MOVE = YES;
				CLANG_WARN_UNGUARDED_AVAILABILITY = YES_AGGRESSIVE;
				CLANG_WARN_UNREACHABLE_CODE = YES;
				CLANG_WARN__DUPLICATE_METHOD_MATCH = YES;
				COPY_PHASE_STRIP = NO;
				DEBUG_INFORMATION_FORMAT = dwarf;
				ENABLE_STRICT_OBJC_MSGSEND = YES;
				ENABLE_TESTABILITY = YES;
				GCC_C_LANGUAGE_STANDARD = gnu11;
				GCC_DYNAMIC_NO_PIC = NO;
				GCC_NO_COMMON_BLOCKS = YES;
				GCC_OPTIMIZATION_LEVEL = 0;
				GCC_PREPROCESSOR_DEFINITIONS = (
					"DEBUG=1",
					"$(inherited)",
				);
				GCC_WARN_64_TO_32_BIT_CONVERSION = YES;
				GCC_WARN_ABOUT_RETURN_TYPE = YES_ERROR;
				GCC_WARN_UNDECLARED_SELECTOR = YES;
				GCC_WARN_UNINITIALIZED_AUTOS = YES_AGGRESSIVE;
				GCC_WARN_UNUSED_FUNCTION = YES;
				GCC_WARN_UNUSED_VARIABLE = YES;
				IPHONEOS_DEPLOYMENT_TARGET = 15.2;
				MTL_ENABLE_DEBUG_INFO = INCLUDE_SOURCE;
				MTL_FAST_MATH = YES;
				ONLY_ACTIVE_ARCH = YES;
				SDKROOT = iphoneos;
				SWIFT_ACTIVE_COMPILATION_CONDITIONS = DEBUG;
				SWIFT_OPTIMIZATION_LEVEL = "-Onone";
			};
			name = Debug;
		};
		19CE4EE128CBBA8C00E85E1D /* Release */ = {
			isa = XCBuildConfiguration;
			buildSettings = {
				ALWAYS_SEARCH_USER_PATHS = NO;
				CLANG_ANALYZER_NONNULL = YES;
				CLANG_ANALYZER_NUMBER_OBJECT_CONVERSION = YES_AGGRESSIVE;
				CLANG_CXX_LANGUAGE_STANDARD = "gnu++17";
				CLANG_CXX_LIBRARY = "libc++";
				CLANG_ENABLE_MODULES = YES;
				CLANG_ENABLE_OBJC_ARC = YES;
				CLANG_ENABLE_OBJC_WEAK = YES;
				CLANG_WARN_BLOCK_CAPTURE_AUTORELEASING = YES;
				CLANG_WARN_BOOL_CONVERSION = YES;
				CLANG_WARN_COMMA = YES;
				CLANG_WARN_CONSTANT_CONVERSION = YES;
				CLANG_WARN_DEPRECATED_OBJC_IMPLEMENTATIONS = YES;
				CLANG_WARN_DIRECT_OBJC_ISA_USAGE = YES_ERROR;
				CLANG_WARN_DOCUMENTATION_COMMENTS = YES;
				CLANG_WARN_EMPTY_BODY = YES;
				CLANG_WARN_ENUM_CONVERSION = YES;
				CLANG_WARN_INFINITE_RECURSION = YES;
				CLANG_WARN_INT_CONVERSION = YES;
				CLANG_WARN_NON_LITERAL_NULL_CONVERSION = YES;
				CLANG_WARN_OBJC_IMPLICIT_RETAIN_SELF = YES;
				CLANG_WARN_OBJC_LITERAL_CONVERSION = YES;
				CLANG_WARN_OBJC_ROOT_CLASS = YES_ERROR;
				CLANG_WARN_QUOTED_INCLUDE_IN_FRAMEWORK_HEADER = YES;
				CLANG_WARN_RANGE_LOOP_ANALYSIS = YES;
				CLANG_WARN_STRICT_PROTOTYPES = YES;
				CLANG_WARN_SUSPICIOUS_MOVE = YES;
				CLANG_WARN_UNGUARDED_AVAILABILITY = YES_AGGRESSIVE;
				CLANG_WARN_UNREACHABLE_CODE = YES;
				CLANG_WARN__DUPLICATE_METHOD_MATCH = YES;
				COPY_PHASE_STRIP = NO;
				DEBUG_INFORMATION_FORMAT = "dwarf-with-dsym";
				ENABLE_NS_ASSERTIONS = NO;
				ENABLE_STRICT_OBJC_MSGSEND = YES;
				GCC_C_LANGUAGE_STANDARD = gnu11;
				GCC_NO_COMMON_BLOCKS = YES;
				GCC_WARN_64_TO_32_BIT_CONVERSION = YES;
				GCC_WARN_ABOUT_RETURN_TYPE = YES_ERROR;
				GCC_WARN_UNDECLARED_SELECTOR = YES;
				GCC_WARN_UNINITIALIZED_AUTOS = YES_AGGRESSIVE;
				GCC_WARN_UNUSED_FUNCTION = YES;
				GCC_WARN_UNUSED_VARIABLE = YES;
				IPHONEOS_DEPLOYMENT_TARGET = 15.2;
				MTL_ENABLE_DEBUG_INFO = NO;
				MTL_FAST_MATH = YES;
				SDKROOT = iphoneos;
				SWIFT_COMPILATION_MODE = wholemodule;
				SWIFT_OPTIMIZATION_LEVEL = "-O";
				VALIDATE_PRODUCT = YES;
			};
			name = Release;
		};
		19CE4EE328CBBA8C00E85E1D /* Debug */ = {
			isa = XCBuildConfiguration;
			buildSettings = {
				ASSETCATALOG_COMPILER_APPICON_NAME = AppIcon;
				ASSETCATALOG_COMPILER_GLOBAL_ACCENT_COLOR_NAME = AccentColor;
				CODE_SIGN_STYLE = Automatic;
				CURRENT_PROJECT_VERSION = 1;
				DEVELOPMENT_TEAM = 8G6U7HNLTQ;
				GENERATE_INFOPLIST_FILE = YES;
				INFOPLIST_FILE = PassingDataExample/Info.plist;
				INFOPLIST_KEY_UIApplicationSupportsIndirectInputEvents = YES;
				INFOPLIST_KEY_UILaunchStoryboardName = LaunchScreen;
				INFOPLIST_KEY_UIMainStoryboardFile = Main;
				INFOPLIST_KEY_UISupportedInterfaceOrientations = UIInterfaceOrientationPortrait;
				INFOPLIST_KEY_UISupportedInterfaceOrientations_iPad = "UIInterfaceOrientationPortrait UIInterfaceOrientationPortraitUpsideDown UIInterfaceOrientationLandscapeLeft UIInterfaceOrientationLandscapeRight";
				INFOPLIST_KEY_UISupportedInterfaceOrientations_iPhone = "UIInterfaceOrientationPortrait UIInterfaceOrientationLandscapeLeft UIInterfaceOrientationLandscapeRight";
				IPHONEOS_DEPLOYMENT_TARGET = 15.0;
				LD_RUNPATH_SEARCH_PATHS = (
					"$(inherited)",
					"@executable_path/Frameworks",
				);
				MARKETING_VERSION = 1.0;
				PRODUCT_BUNDLE_IDENTIFIER = com.bilgecakar.PassingDataExample;
				PRODUCT_NAME = "$(TARGET_NAME)";
				SWIFT_EMIT_LOC_STRINGS = YES;
				SWIFT_VERSION = 5.0;
				TARGETED_DEVICE_FAMILY = 1;
			};
			name = Debug;
		};
		19CE4EE428CBBA8C00E85E1D /* Release */ = {
			isa = XCBuildConfiguration;
			buildSettings = {
				ASSETCATALOG_COMPILER_APPICON_NAME = AppIcon;
				ASSETCATALOG_COMPILER_GLOBAL_ACCENT_COLOR_NAME = AccentColor;
				CODE_SIGN_STYLE = Automatic;
				CURRENT_PROJECT_VERSION = 1;
				DEVELOPMENT_TEAM = 8G6U7HNLTQ;
				GENERATE_INFOPLIST_FILE = YES;
				INFOPLIST_FILE = PassingDataExample/Info.plist;
				INFOPLIST_KEY_UIApplicationSupportsIndirectInputEvents = YES;
				INFOPLIST_KEY_UILaunchStoryboardName = LaunchScreen;
				INFOPLIST_KEY_UIMainStoryboardFile = Main;
				INFOPLIST_KEY_UISupportedInterfaceOrientations = UIInterfaceOrientationPortrait;
				INFOPLIST_KEY_UISupportedInterfaceOrientations_iPad = "UIInterfaceOrientationPortrait UIInterfaceOrientationPortraitUpsideDown UIInterfaceOrientationLandscapeLeft UIInterfaceOrientationLandscapeRight";
				INFOPLIST_KEY_UISupportedInterfaceOrientations_iPhone = "UIInterfaceOrientationPortrait UIInterfaceOrientationLandscapeLeft UIInterfaceOrientationLandscapeRight";
				IPHONEOS_DEPLOYMENT_TARGET = 15.0;
				LD_RUNPATH_SEARCH_PATHS = (
					"$(inherited)",
					"@executable_path/Frameworks",
				);
				MARKETING_VERSION = 1.0;
				PRODUCT_BUNDLE_IDENTIFIER = com.bilgecakar.PassingDataExample;
				PRODUCT_NAME = "$(TARGET_NAME)";
				SWIFT_EMIT_LOC_STRINGS = YES;
				SWIFT_VERSION = 5.0;
				TARGETED_DEVICE_FAMILY = 1;
			};
			name = Release;
		};
/* End XCBuildConfiguration section */

/* Begin XCConfigurationList section */
		19CE4EC928CBBA8700E85E1D /* Build configuration list for PBXProject "PassingDataExample" */ = {
			isa = XCConfigurationList;
			buildConfigurations = (
				19CE4EE028CBBA8C00E85E1D /* Debug */,
				19CE4EE128CBBA8C00E85E1D /* Release */,
			);
			defaultConfigurationIsVisible = 0;
			defaultConfigurationName = Release;
		};
		19CE4EE228CBBA8C00E85E1D /* Build configuration list for PBXNativeTarget "PassingDataExample" */ = {
			isa = XCConfigurationList;
			buildConfigurations = (
				19CE4EE328CBBA8C00E85E1D /* Debug */,
				19CE4EE428CBBA8C00E85E1D /* Release */,
			);
			defaultConfigurationIsVisible = 0;
			defaultConfigurationName = Release;
		};
/* End XCConfigurationList section */
	};
	rootObject = 19CE4EC628CBBA8700E85E1D /* Project object */;
}
